// !$*UTF8*$!
{
	archiveVersion = 1;
	classes = {
	};
	objectVersion = 48;
	objects = {

/* Begin PBXBuildFile section */
		DBF3D33420036E17000B8F3F /* AppDelegate.m in Sources */ = {isa = PBXBuildFile; fileRef = DBF3D33320036E17000B8F3F /* AppDelegate.m */; };
		DBF3D33720036E17000B8F3F /* ViewController.m in Sources */ = {isa = PBXBuildFile; fileRef = DBF3D33620036E17000B8F3F /* ViewController.m */; };
		DBF3D33A20036E17000B8F3F /* Main.storyboard in Resources */ = {isa = PBXBuildFile; fileRef = DBF3D33820036E17000B8F3F /* Main.storyboard */; };
		DBF3D33C20036E17000B8F3F /* Assets.xcassets in Resources */ = {isa = PBXBuildFile; fileRef = DBF3D33B20036E17000B8F3F /* Assets.xcassets */; };
		DBF3D33F20036E17000B8F3F /* LaunchScreen.storyboard in Resources */ = {isa = PBXBuildFile; fileRef = DBF3D33D20036E17000B8F3F /* LaunchScreen.storyboard */; };
		DBF3D34220036E17000B8F3F /* main.m in Sources */ = {isa = PBXBuildFile; fileRef = DBF3D34120036E17000B8F3F /* main.m */; };
		DBF3D34C20036E17000B8F3F /* testTests.m in Sources */ = {isa = PBXBuildFile; fileRef = DBF3D34B20036E17000B8F3F /* testTests.m */; };
		DBF3D35720036E17000B8F3F /* testUITests.m in Sources */ = {isa = PBXBuildFile; fileRef = DBF3D35620036E17000B8F3F /* testUITests.m */; };
/* End PBXBuildFile section */

/* Begin PBXContainerItemProxy section */
		DBF3D34820036E17000B8F3F /* PBXContainerItemProxy */ = {
			isa = PBXContainerItemProxy;
			containerPortal = DBF3D32720036E17000B8F3F /* Project object */;
			proxyType = 1;
			remoteGlobalIDString = DBF3D32E20036E17000B8F3F;
			remoteInfo = test;
		};
		DBF3D35320036E17000B8F3F /* PBXContainerItemProxy */ = {
			isa = PBXContainerItemProxy;
			containerPortal = DBF3D32720036E17000B8F3F /* Project object */;
			proxyType = 1;
			remoteGlobalIDString = DBF3D32E20036E17000B8F3F;
			remoteInfo = test;
		};
/* End PBXContainerItemProxy section */

/* Begin PBXFileReference section */
		DBF3D32F20036E17000B8F3F /* test.app */ = {isa = PBXFileReference; explicitFileType = wrapper.application; includeInIndex = 0; path = test.app; sourceTree = BUILT_PRODUCTS_DIR; };
		DBF3D33220036E17000B8F3F /* AppDelegate.h */ = {isa = PBXFileReference; lastKnownFileType = sourcecode.c.h; path = AppDelegate.h; sourceTree = "<group>"; };
		DBF3D33320036E17000B8F3F /* AppDelegate.m */ = {isa = PBXFileReference; lastKnownFileType = sourcecode.c.objc; path = AppDelegate.m; sourceTree = "<group>"; };
		DBF3D33520036E17000B8F3F /* ViewController.h */ = {isa = PBXFileReference; lastKnownFileType = sourcecode.c.h; path = ViewController.h; sourceTree = "<group>"; };
		DBF3D33620036E17000B8F3F /* ViewController.m */ = {isa = PBXFileReference; lastKnownFileType = sourcecode.c.objc; path = ViewController.m; sourceTree = "<group>"; };
		DBF3D33920036E17000B8F3F /* Base */ = {isa = PBXFileReference; lastKnownFileType = file.storyboard; name = Base; path = Base.lproj/Main.storyboard; sourceTree = "<group>"; };
		DBF3D33B20036E17000B8F3F /* Assets.xcassets */ = {isa = PBXFileReference; lastKnownFileType = folder.assetcatalog; path = Assets.xcassets; sourceTree = "<group>"; };
		DBF3D33E20036E17000B8F3F /* Base */ = {isa = PBXFileReference; lastKnownFileType = file.storyboard; name = Base; path = Base.lproj/LaunchScreen.storyboard; sourceTree = "<group>"; };
		DBF3D34020036E17000B8F3F /* Info.plist */ = {isa = PBXFileReference; lastKnownFileType = text.plist.xml; path = Info.plist; sourceTree = "<group>"; };
		DBF3D34120036E17000B8F3F /* main.m */ = {isa = PBXFileReference; lastKnownFileType = sourcecode.c.objc; path = main.m; sourceTree = "<group>"; };
		DBF3D34720036E17000B8F3F /* testTests.xctest */ = {isa = PBXFileReference; explicitFileType = wrapper.cfbundle; includeInIndex = 0; path = testTests.xctest; sourceTree = BUILT_PRODUCTS_DIR; };
		DBF3D34B20036E17000B8F3F /* testTests.m */ = {isa = PBXFileReference; lastKnownFileType = sourcecode.c.objc; path = testTests.m; sourceTree = "<group>"; };
		DBF3D34D20036E17000B8F3F /* Info.plist */ = {isa = PBXFileReference; lastKnownFileType = text.plist.xml; path = Info.plist; sourceTree = "<group>"; };
		DBF3D35220036E17000B8F3F /* testUITests.xctest */ = {isa = PBXFileReference; explicitFileType = wrapper.cfbundle; includeInIndex = 0; path = testUITests.xctest; sourceTree = BUILT_PRODUCTS_DIR; };
		DBF3D35620036E17000B8F3F /* testUITests.m */ = {isa = PBXFileReference; lastKnownFileType = sourcecode.c.objc; path = testUITests.m; sourceTree = "<group>"; };
		DBF3D35820036E17000B8F3F /* Info.plist */ = {isa = PBXFileReference; lastKnownFileType = text.plist.xml; path = Info.plist; sourceTree = "<group>"; };
/* End PBXFileReference section */

/* Begin PBXFrameworksBuildPhase section */
		DBF3D32C20036E17000B8F3F /* Frameworks */ = {
			isa = PBXFrameworksBuildPhase;
			buildActionMask = 2147483647;
			files = (
			);
			runOnlyForDeploymentPostprocessing = 0;
		};
		DBF3D34420036E17000B8F3F /* Frameworks */ = {
			isa = PBXFrameworksBuildPhase;
			buildActionMask = 2147483647;
			files = (
			);
			runOnlyForDeploymentPostprocessing = 0;
		};
		DBF3D34F20036E17000B8F3F /* Frameworks */ = {
			isa = PBXFrameworksBuildPhase;
			buildActionMask = 2147483647;
			files = (
			);
			runOnlyForDeploymentPostprocessing = 0;
		};
/* End PBXFrameworksBuildPhase section */

/* Begin PBXGroup section */
		DBF3D32620036E17000B8F3F = {
			isa = PBXGroup;
			children = (
				DBF3D33120036E17000B8F3F /* test */,
				DBF3D34A20036E17000B8F3F /* testTests */,
				DBF3D35520036E17000B8F3F /* testUITests */,
				DBF3D33020036E17000B8F3F /* Products */,
			);
			sourceTree = "<group>";
		};
		DBF3D33020036E17000B8F3F /* Products */ = {
			isa = PBXGroup;
			children = (
				DBF3D32F20036E17000B8F3F /* test.app */,
				DBF3D34720036E17000B8F3F /* testTests.xctest */,
				DBF3D35220036E17000B8F3F /* testUITests.xctest */,
			);
			name = Products;
			sourceTree = "<group>";
		};
		DBF3D33120036E17000B8F3F /* test */ = {
			isa = PBXGroup;
			children = (
				DBF3D33220036E17000B8F3F /* AppDelegate.h */,
				DBF3D33320036E17000B8F3F /* AppDelegate.m */,
				DBF3D33520036E17000B8F3F /* ViewController.h */,
				DBF3D33620036E17000B8F3F /* ViewController.m */,
				DBF3D33820036E17000B8F3F /* Main.storyboard */,
				DBF3D33B20036E17000B8F3F /* Assets.xcassets */,
				DBF3D33D20036E17000B8F3F /* LaunchScreen.storyboard */,
				DBF3D34020036E17000B8F3F /* Info.plist */,
				DBF3D34120036E17000B8F3F /* main.m */,
			);
			path = test;
			sourceTree = "<group>";
		};
		DBF3D34A20036E17000B8F3F /* testTests */ = {
			isa = PBXGroup;
			children = (
				DBF3D34B20036E17000B8F3F /* testTests.m */,
				DBF3D34D20036E17000B8F3F /* Info.plist */,
			);
			path = testTests;
			sourceTree = "<group>";
		};
		DBF3D35520036E17000B8F3F /* testUITests */ = {
			isa = PBXGroup;
			children = (
				DBF3D35620036E17000B8F3F /* testUITests.m */,
				DBF3D35820036E17000B8F3F /* Info.plist */,
			);
			path = testUITests;
			sourceTree = "<group>";
		};
/* End PBXGroup section */

/* Begin PBXNativeTarget section */
		DBF3D32E20036E17000B8F3F /* test */ = {
			isa = PBXNativeTarget;
			buildConfigurationList = DBF3D35B20036E17000B8F3F /* Build configuration list for PBXNativeTarget "test" */;
			buildPhases = (
				DBF3D32B20036E17000B8F3F /* Sources */,
				DBF3D32C20036E17000B8F3F /* Frameworks */,
				DBF3D32D20036E17000B8F3F /* Resources */,
			);
			buildRules = (
			);
			dependencies = (
			);
			name = test;
			productName = test;
			productReference = DBF3D32F20036E17000B8F3F /* test.app */;
			productType = "com.apple.product-type.application";
		};
		DBF3D34620036E17000B8F3F /* testTests */ = {
			isa = PBXNativeTarget;
			buildConfigurationList = DBF3D35E20036E17000B8F3F /* Build configuration list for PBXNativeTarget "testTests" */;
			buildPhases = (
				DBF3D34320036E17000B8F3F /* Sources */,
				DBF3D34420036E17000B8F3F /* Frameworks */,
				DBF3D34520036E17000B8F3F /* Resources */,
			);
			buildRules = (
			);
			dependencies = (
				DBF3D34920036E17000B8F3F /* PBXTargetDependency */,
			);
			name = testTests;
			productName = testTests;
			productReference = DBF3D34720036E17000B8F3F /* testTests.xctest */;
			productType = "com.apple.product-type.bundle.unit-test";
		};
		DBF3D35120036E17000B8F3F /* testUITests */ = {
			isa = PBXNativeTarget;
			buildConfigurationList = DBF3D36120036E17000B8F3F /* Build configuration list for PBXNativeTarget "testUITests" */;
			buildPhases = (
				DBF3D34E20036E17000B8F3F /* Sources */,
				DBF3D34F20036E17000B8F3F /* Frameworks */,
				DBF3D35020036E17000B8F3F /* Resources */,
			);
			buildRules = (
			);
			dependencies = (
				DBF3D35420036E17000B8F3F /* PBXTargetDependency */,
			);
			name = testUITests;
			productName = testUITests;
			productReference = DBF3D35220036E17000B8F3F /* testUITests.xctest */;
			productType = "com.apple.product-type.bundle.ui-testing";
		};
/* End PBXNativeTarget section */

/* Begin PBXProject section */
		DBF3D32720036E17000B8F3F /* Project object */ = {
			isa = PBXProject;
			attributes = {
				LastUpgradeCheck = 0910;
				ORGANIZATIONNAME = guanshanzhi;
				TargetAttributes = {
					DBF3D32E20036E17000B8F3F = {
						CreatedOnToolsVersion = 9.1;
						ProvisioningStyle = Automatic;
					};
					DBF3D34620036E17000B8F3F = {
						CreatedOnToolsVersion = 9.1;
						ProvisioningStyle = Automatic;
						TestTargetID = DBF3D32E20036E17000B8F3F;
					};
					DBF3D35120036E17000B8F3F = {
						CreatedOnToolsVersion = 9.1;
						ProvisioningStyle = Automatic;
						TestTargetID = DBF3D32E20036E17000B8F3F;
					};
				};
			};
			buildConfigurationList = DBF3D32A20036E17000B8F3F /* Build configuration list for PBXProject "test" */;
			compatibilityVersion = "Xcode 8.0";
			developmentRegion = en;
			hasScannedForEncodings = 0;
			knownRegions = (
				en,
				Base,
			);
			mainGroup = DBF3D32620036E17000B8F3F;
			productRefGroup = DBF3D33020036E17000B8F3F /* Products */;
			projectDirPath = "";
			projectRoot = "";
			targets = (
				DBF3D32E20036E17000B8F3F /* test */,
				DBF3D34620036E17000B8F3F /* testTests */,
				DBF3D35120036E17000B8F3F /* testUITests */,
			);
		};
/* End PBXProject section */

/* Begin PBXResourcesBuildPhase section */
		DBF3D32D20036E17000B8F3F /* Resources */ = {
			isa = PBXResourcesBuildPhase;
			buildActionMask = 2147483647;
			files = (
				DBF3D33F20036E17000B8F3F /* LaunchScreen.storyboard in Resources */,
				DBF3D33C20036E17000B8F3F /* Assets.xcassets in Resources */,
				DBF3D33A20036E17000B8F3F /* Main.storyboard in Resources */,
			);
			runOnlyForDeploymentPostprocessing = 0;
		};
		DBF3D34520036E17000B8F3F /* Resources */ = {
			isa = PBXResourcesBuildPhase;
			buildActionMask = 2147483647;
			files = (
			);
			runOnlyForDeploymentPostprocessing = 0;
		};
		DBF3D35020036E17000B8F3F /* Resources */ = {
			isa = PBXResourcesBuildPhase;
			buildActionMask = 2147483647;
			files = (
			);
			runOnlyForDeploymentPostprocessing = 0;
		};
/* End PBXResourcesBuildPhase section */

/* Begin PBXSourcesBuildPhase section */
		DBF3D32B20036E17000B8F3F /* Sources */ = {
			isa = PBXSourcesBuildPhase;
			buildActionMask = 2147483647;
			files = (
				DBF3D33720036E17000B8F3F /* ViewController.m in Sources */,
				DBF3D34220036E17000B8F3F /* main.m in Sources */,
				DBF3D33420036E17000B8F3F /* AppDelegate.m in Sources */,
			);
			runOnlyForDeploymentPostprocessing = 0;
		};
		DBF3D34320036E17000B8F3F /* Sources */ = {
			isa = PBXSourcesBuildPhase;
			buildActionMask = 2147483647;
			files = (
				DBF3D34C20036E17000B8F3F /* testTests.m in Sources */,
			);
			runOnlyForDeploymentPostprocessing = 0;
		};
		DBF3D34E20036E17000B8F3F /* Sources */ = {
			isa = PBXSourcesBuildPhase;
			buildActionMask = 2147483647;
			files = (
				DBF3D35720036E17000B8F3F /* testUITests.m in Sources */,
			);
			runOnlyForDeploymentPostprocessing = 0;
		};
/* End PBXSourcesBuildPhase section */

/* Begin PBXTargetDependency section */
		DBF3D34920036E17000B8F3F /* PBXTargetDependency */ = {
			isa = PBXTargetDependency;
			target = DBF3D32E20036E17000B8F3F /* test */;
			targetProxy = DBF3D34820036E17000B8F3F /* PBXContainerItemProxy */;
		};
		DBF3D35420036E17000B8F3F /* PBXTargetDependency */ = {
			isa = PBXTargetDependency;
			target = DBF3D32E20036E17000B8F3F /* test */;
			targetProxy = DBF3D35320036E17000B8F3F /* PBXContainerItemProxy */;
		};
/* End PBXTargetDependency section */

/* Begin PBXVariantGroup section */
		DBF3D33820036E17000B8F3F /* Main.storyboard */ = {
			isa = PBXVariantGroup;
			children = (
				DBF3D33920036E17000B8F3F /* Base */,
			);
			name = Main.storyboard;
			sourceTree = "<group>";
		};
		DBF3D33D20036E17000B8F3F /* LaunchScreen.storyboard */ = {
			isa = PBXVariantGroup;
			children = (
				DBF3D33E20036E17000B8F3F /* Base */,
			);
			name = LaunchScreen.storyboard;
			sourceTree = "<group>";
		};
/* End PBXVariantGroup section */

/* Begin XCBuildConfiguration section */
		DBF3D35920036E17000B8F3F /* Debug */ = {
			isa = XCBuildConfiguration;
			buildSettings = {
				ALWAYS_SEARCH_USER_PATHS = NO;
				CLANG_ANALYZER_NONNULL = YES;
				CLANG_ANALYZER_NUMBER_OBJECT_CONVERSION = YES_AGGRESSIVE;
				CLANG_CXX_LANGUAGE_STANDARD = "gnu++14";
				CLANG_CXX_LIBRARY = "libc++";
				CLANG_ENABLE_MODULES = YES;
				CLANG_ENABLE_OBJC_ARC = YES;
				CLANG_WARN_BLOCK_CAPTURE_AUTORELEASING = YES;
				CLANG_WARN_BOOL_CONVERSION = YES;
				CLANG_WARN_COMMA = YES;
				CLANG_WARN_CONSTANT_CONVERSION = YES;
				CLANG_WARN_DIRECT_OBJC_ISA_USAGE = YES_ERROR;
				CLANG_WARN_DOCUMENTATION_COMMENTS = YES;
				CLANG_WARN_EMPTY_BODY = YES;
				CLANG_WARN_ENUM_CONVERSION = YES;
				CLANG_WARN_INFINITE_RECURSION = YES;
				CLANG_WARN_INT_CONVERSION = YES;
				CLANG_WARN_NON_LITERAL_NULL_CONVERSION = YES;
				CLANG_WARN_OBJC_LITERAL_CONVERSION = YES;
				CLANG_WARN_OBJC_ROOT_CLASS = YES_ERROR;
				CLANG_WARN_RANGE_LOOP_ANALYSIS = YES;
				CLANG_WARN_STRICT_PROTOTYPES = YES;
				CLANG_WARN_SUSPICIOUS_MOVE = YES;
				CLANG_WARN_UNGUARDED_AVAILABILITY = YES_AGGRESSIVE;
				CLANG_WARN_UNREACHABLE_CODE = YES;
				CLANG_WARN__DUPLICATE_METHOD_MATCH = YES;
				CODE_SIGN_IDENTITY = "iPhone Developer";
				COPY_PHASE_STRIP = NO;
				DEBUG_INFORMATION_FORMAT = dwarf;
				ENABLE_STRICT_OBJC_MSGSEND = YES;
				ENABLE_TESTABILITY = YES;
				GCC_C_LANGUAGE_STANDARD = gnu11;
				GCC_DYNAMIC_NO_PIC = NO;
				GCC_NO_COMMON_BLOCKS = YES;
				GCC_OPTIMIZATION_LEVEL = 0;
				GCC_PREPROCESSOR_DEFINITIONS = (
					"DEBUG=1",
					"$(inherited)",
				);
				GCC_WARN_64_TO_32_BIT_CONVERSION = YES;
				GCC_WARN_ABOUT_RETURN_TYPE = YES_ERROR;
				GCC_WARN_UNDECLARED_SELECTOR = YES;
				GCC_WARN_UNINITIALIZED_AUTOS = YES_AGGRESSIVE;
				GCC_WARN_UNUSED_FUNCTION = YES;
				GCC_WARN_UNUSED_VARIABLE = YES;
				IPHONEOS_DEPLOYMENT_TARGET = 11.1;
				MTL_ENABLE_DEBUG_INFO = YES;
				ONLY_ACTIVE_ARCH = YES;
				SDKROOT = iphoneos;
			};
			name = Debug;
		};
		DBF3D35A20036E17000B8F3F /* Release */ = {
			isa = XCBuildConfiguration;
			buildSettings = {
				ALWAYS_SEARCH_USER_PATHS = NO;
				CLANG_ANALYZER_NONNULL = YES;
				CLANG_ANALYZER_NUMBER_OBJECT_CONVERSION = YES_AGGRESSIVE;
				CLANG_CXX_LANGUAGE_STANDARD = "gnu++14";
				CLANG_CXX_LIBRARY = "libc++";
				CLANG_ENABLE_MODULES = YES;
				CLANG_ENABLE_OBJC_ARC = YES;
				CLANG_WARN_BLOCK_CAPTURE_AUTORELEASING = YES;
				CLANG_WARN_BOOL_CONVERSION = YES;
				CLANG_WARN_COMMA = YES;
				CLANG_WARN_CONSTANT_CONVERSION = YES;
				CLANG_WARN_DIRECT_OBJC_ISA_USAGE = YES_ERROR;
				CLANG_WARN_DOCUMENTATION_COMMENTS = YES;
				CLANG_WARN_EMPTY_BODY = YES;
				CLANG_WARN_ENUM_CONVERSION = YES;
				CLANG_WARN_INFINITE_RECURSION = YES;
				CLANG_WARN_INT_CONVERSION = YES;
				CLANG_WARN_NON_LITERAL_NULL_CONVERSION = YES;
				CLANG_WARN_OBJC_LITERAL_CONVERSION = YES;
				CLANG_WARN_OBJC_ROOT_CLASS = YES_ERROR;
				CLANG_WARN_RANGE_LOOP_ANALYSIS = YES;
				CLANG_WARN_STRICT_PROTOTYPES = YES;
				CLANG_WARN_SUSPICIOUS_MOVE = YES;
				CLANG_WARN_UNGUARDED_AVAILABILITY = YES_AGGRESSIVE;
				CLANG_WARN_UNREACHABLE_CODE = YES;
				CLANG_WARN__DUPLICATE_METHOD_MATCH = YES;
				CODE_SIGN_IDENTITY = "iPhone Developer";
				COPY_PHASE_STRIP = NO;
				DEBUG_INFORMATION_FORMAT = "dwarf-with-dsym";
				ENABLE_NS_ASSERTIONS = NO;
				ENABLE_STRICT_OBJC_MSGSEND = YES;
				GCC_C_LANGUAGE_STANDARD = gnu11;
				GCC_NO_COMMON_BLOCKS = YES;
				GCC_WARN_64_TO_32_BIT_CONVERSION = YES;
				GCC_WARN_ABOUT_RETURN_TYPE = YES_ERROR;
				GCC_WARN_UNDECLARED_SELECTOR = YES;
				GCC_WARN_UNINITIALIZED_AUTOS = YES_AGGRESSIVE;
				GCC_WARN_UNUSED_FUNCTION = YES;
				GCC_WARN_UNUSED_VARIABLE = YES;
				IPHONEOS_DEPLOYMENT_TARGET = 11.1;
				MTL_ENABLE_DEBUG_INFO = NO;
				SDKROOT = iphoneos;
				VALIDATE_PRODUCT = YES;
			};
			name = Release;
		};
		DBF3D35C20036E17000B8F3F /* Debug */ = {
			isa = XCBuildConfiguration;
			buildSettings = {
				ASSETCATALOG_COMPILER_APPICON_NAME = AppIcon;
				CODE_SIGN_STYLE = Automatic;
				INFOPLIST_FILE = test/Info.plist;
				LD_RUNPATH_SEARCH_PATHS = "$(inherited) @executable_path/Frameworks";
				PRODUCT_BUNDLE_IDENTIFIER = YiGeMed.test;
				PRODUCT_NAME = "$(TARGET_NAME)";
				TARGETED_DEVICE_FAMILY = "1,2";
			};
			name = Debug;
		};
		DBF3D35D20036E17000B8F3F /* Release */ = {
			isa = XCBuildConfiguration;
			buildSettings = {
				ASSETCATALOG_COMPILER_APPICON_NAME = AppIcon;
				CODE_SIGN_STYLE = Automatic;
				INFOPLIST_FILE = test/Info.plist;
				LD_RUNPATH_SEARCH_PATHS = "$(inherited) @executable_path/Frameworks";
				PRODUCT_BUNDLE_IDENTIFIER = YiGeMed.test;
				PRODUCT_NAME = "$(TARGET_NAME)";
				TARGETED_DEVICE_FAMILY = "1,2";
			};
			name = Release;
		};
		DBF3D35F20036E17000B8F3F /* Debug */ = {
			isa = XCBuildConfiguration;
			buildSettings = {
				BUNDLE_LOADER = "$(TEST_HOST)";
				CODE_SIGN_STYLE = Automatic;
				INFOPLIST_FILE = testTests/Info.plist;
				LD_RUNPATH_SEARCH_PATHS = "$(inherited) @executable_path/Frameworks @loader_path/Frameworks";
				PRODUCT_BUNDLE_IDENTIFIER = YiGeMed.testTests;
				PRODUCT_NAME = "$(TARGET_NAME)";
				TARGETED_DEVICE_FAMILY = "1,2";
				TEST_HOST = "$(BUILT_PRODUCTS_DIR)/test.app/test";
			};
			name = Debug;
		};
		DBF3D36020036E17000B8F3F /* Release */ = {
			isa = XCBuildConfiguration;
			buildSettings = {
				BUNDLE_LOADER = "$(TEST_HOST)";
				CODE_SIGN_STYLE = Automatic;
				INFOPLIST_FILE = testTests/Info.plist;
				LD_RUNPATH_SEARCH_PATHS = "$(inherited) @executable_path/Frameworks @loader_path/Frameworks";
				PRODUCT_BUNDLE_IDENTIFIER = YiGeMed.testTests;
				PRODUCT_NAME = "$(TARGET_NAME)";
				TARGETED_DEVICE_FAMILY = "1,2";
				TEST_HOST = "$(BUILT_PRODUCTS_DIR)/test.app/test";
			};
			name = Release;
		};
		DBF3D36220036E17000B8F3F /* Debug */ = {
			isa = XCBuildConfiguration;
			buildSettings = {
				CODE_SIGN_STYLE = Automatic;
				INFOPLIST_FILE = testUITests/Info.plist;
				LD_RUNPATH_SEARCH_PATHS = "$(inherited) @executable_path/Frameworks @loader_path/Frameworks";
				PRODUCT_BUNDLE_IDENTIFIER = YiGeMed.testUITests;
				PRODUCT_NAME = "$(TARGET_NAME)";
				TARGETED_DEVICE_FAMILY = "1,2";
				TEST_TARGET_NAME = test;
			};
			name = Debug;
		};
		DBF3D36320036E17000B8F3F /* Release */ = {
			isa = XCBuildConfiguration;
			buildSettings = {
				CODE_SIGN_STYLE = Automatic;
				INFOPLIST_FILE = testUITests/Info.plist;
				LD_RUNPATH_SEARCH_PATHS = "$(inherited) @executable_path/Frameworks @loader_path/Frameworks";
				PRODUCT_BUNDLE_IDENTIFIER = YiGeMed.testUITests;
				PRODUCT_NAME = "$(TARGET_NAME)";
				TARGETED_DEVICE_FAMILY = "1,2";
				TEST_TARGET_NAME = test;
			};
			name = Release;
		};
/* End XCBuildConfiguration section */

/* Begin XCConfigurationList section */
		DBF3D32A20036E17000B8F3F /* Build configuration list for PBXProject "test" */ = {
			isa = XCConfigurationList;
			buildConfigurations = (
				DBF3D35920036E17000B8F3F /* Debug */,
				DBF3D35A20036E17000B8F3F /* Release */,
			);
			defaultConfigurationIsVisible = 0;
			defaultConfigurationName = Release;
		};
		DBF3D35B20036E17000B8F3F /* Build configuration list for PBXNativeTarget "test" */ = {
			isa = XCConfigurationList;
			buildConfigurations = (
				DBF3D35C20036E17000B8F3F /* Debug */,
				DBF3D35D20036E17000B8F3F /* Release */,
			);
			defaultConfigurationIsVisible = 0;
			defaultConfigurationName = Release;
		};
		DBF3D35E20036E17000B8F3F /* Build configuration list for PBXNativeTarget "testTests" */ = {
			isa = XCConfigurationList;
			buildConfigurations = (
				DBF3D35F20036E17000B8F3F /* Debug */,
				DBF3D36020036E17000B8F3F /* Release */,
			);
			defaultConfigurationIsVisible = 0;
			defaultConfigurationName = Release;
		};
		DBF3D36120036E17000B8F3F /* Build configuration list for PBXNativeTarget "testUITests" */ = {
			isa = XCConfigurationList;
			buildConfigurations = (
				DBF3D36220036E17000B8F3F /* Debug */,
				DBF3D36320036E17000B8F3F /* Release */,
			);
			defaultConfigurationIsVisible = 0;
			defaultConfigurationName = Release;
		};
/* End XCConfigurationList section */
	};
	rootObject = DBF3D32720036E17000B8F3F /* Project object */;
}
